<?xml version="1.0" encoding="utf-8"?>
<Project ToolsVersion="4.0" xmlns="http://schemas.microsoft.com/developer/msbuild/2003">
  <ItemGroup>
    <Filter Include="Source Files">
      <UniqueIdentifier>{4FC737F1-C7A5-4376-A066-2A32D752A2FF}</UniqueIdentifier>
      <Extensions>cpp;c;cc;cxx;def;odl;idl;hpj;bat;asm;asmx</Extensions>
    </Filter>
    <Filter Include="Header Files">
      <UniqueIdentifier>{93995380-89BD-4b04-88EB-625FBE52EBFB}</UniqueIdentifier>
      <Extensions>h;hh;hpp;hxx;hm;inl;inc;ipp;xsd</Extensions>
    </Filter>
    <Filter Include="Resource Files">
      <UniqueIdentifier>{67DA6AB6-F800-4c08-8B7A-83BB121AAD01}</UniqueIdentifier>
      <Extensions>rc;ico;cur;bmp;dlg;rc2;rct;bin;rgs;gif;jpg;jpeg;jpe;resx;tiff;tif;png;wav;mfcribbon-ms</Extensions>
    </Filter>
  </ItemGroup>
  <ItemGroup>
    <ClCompile Include="Source.cpp">
      <Filter>Source Files</Filter>
    </ClCompile>
    <ClCompile Include="Headers\DatabaseControl\Database.cpp">
      <Filter>Source Files</Filter>
    </ClCompile>
    <ClCompile Include="Headers\DatabaseControl\Project\Project.cpp">
      <Filter>Source Files</Filter>
    </ClCompile>
    <ClCompile Include="Headers\DatabaseControl\Region\Region.cpp">
      <Filter>Source Files</Filter>
    </ClCompile>
    <ClCompile Include="Headers\DatabaseControl\Task\Task.cpp">
      <Filter>Source Files</Filter>
    </ClCompile>
    <ClCompile Include="Headers\Graphical Control Unit\GCU.cpp">
      <Filter>Source Files</Filter>
    </ClCompile>
    <ClCompile Include="Headers\Graphical Control Unit\DataTypes\Project\GCU_Project.cpp">
      <Filter>Source Files</Filter>
    </ClCompile>
    <ClCompile Include="Headers\Graphical Control Unit\DataTypes\Region\GCU_Region.cpp">
      <Filter>Source Files</Filter>
    </ClCompile>
    <ClCompile Include="Headers\Graphical Control Unit\DataTypes\Task\GCU_Task.cpp">
      <Filter>Source Files</Filter>
    </ClCompile>
  </ItemGroup>
  <ItemGroup>
    <ClInclude Include="Headers\Utility\UtilFunc.h">
      <Filter>Header Files</Filter>
    </ClInclude>
    <ClInclude Include="Headers\DatabaseControl\Database.h">
      <Filter>Header Files</Filter>
    </ClInclude>
    <ClInclude Include="Headers\Structs\Project.h">
      <Filter>Header Files</Filter>
    </ClInclude>
    <ClInclude Include="Headers\Structs\Region.h">
      <Filter>Header Files</Filter>
    </ClInclude>
    <ClInclude Include="Headers\Structs\Task.h">
      <Filter>Header Files</Filter>
    </ClInclude>
    <ClInclude Include="Headers\Structs\NeededLib.h">
      <Filter>Header Files</Filter>
    </ClInclude>
    <ClInclude Include="Headers\Structs\Date.h">
      <Filter>Header Files</Filter>
    </ClInclude>
    <ClInclude Include="Headers\Utility\sb.h">
      <Filter>Header Files</Filter>
    </ClInclude>
    <ClInclude Include="Headers\Graphical Control Unit\GCU.h">
      <Filter>Header Files</Filter>
    </ClInclude>
    <ClInclude Include="Headers\Graphical Control Unit\GCU_NeededLib.h">
      <Filter>Header Files</Filter>
    </ClInclude>
    <ClInclude Include="Headers\Graphical Control Unit\olcPixelGameEngine.h">
      <Filter>Header Files</Filter>
    </ClInclude>
    <ClInclude Include="Headers\Graphical Control Unit\TextUtil\DrawDecalText\TextDecal.h">
      <Filter>Header Files</Filter>
    </ClInclude>
    <ClInclude Include="Headers\Graphical Control Unit\DataTypes\TextInput.h">
      <Filter>Header Files</Filter>
    </ClInclude>
    <ClInclude Include="Headers\Utility\TextWrap.h">
      <Filter>Header Files</Filter>
    </ClInclude>
  </ItemGroup>
  <ItemGroup>
    <None Include="Release\Task Manager 2.exe" />
    <None Include="Headers\Graphical Control Unit\DataTypes\ListDisc.h" />
  </ItemGroup>
  <ItemGroup>
    <Text Include="Headers\Graphical Control Unit\TextUtil\DrawDecalText\oldProgram.txt" />
  </ItemGroup>
</Project>